
Microsoft Visual Studio Solution File, Format Version 12.00
# Visual Studio Version 17
VisualStudioVersion = 17.11.35208.52
MinimumVisualStudioVersion = 10.0.40219.1
Project("{FAE04EC0-301F-11D3-BF4B-00C04F79EFBC}") = "BlazorApp20", "BlazorApp20\BlazorApp20.csproj", "{5DC92678-5181-4DE2-A289-B3E636CE2F5D}"
EndProject
Global
	GlobalSection(SolutionConfigurationPlatforms) = preSolution
		Debug|Any CPU = Debug|Any CPU
		Release|Any CPU = Release|Any CPU
	EndGlobalSection
	GlobalSection(ProjectConfigurationPlatforms) = postSolution
		{5DC92678-5181-4DE2-A289-B3E636CE2F5D}.Debug|Any CPU.ActiveCfg = Debug|Any CPU
		{5DC92678-5181-4DE2-A289-B3E636CE2F5D}.Debug|Any CPU.Build.0 = Debug|Any CPU
		{5DC92678-5181-4DE2-A289-B3E636CE2F5D}.Release|Any CPU.ActiveCfg = Release|Any CPU
		{5DC92678-5181-4DE2-A289-B3E636CE2F5D}.Release|Any CPU.Build.0 = Release|Any CPU
	EndGlobalSection
	GlobalSection(SolutionProperties) = preSolution
		HideSolutionNode = FALSE
	EndGlobalSection
	GlobalSection(ExtensibilityGlobals) = postSolution
		SolutionGuid = {AA74E691-70C9-4B5A-BB5B-87A224FA06CF}
	EndGlobalSection
EndGlobal
